
Microsoft Visual Studio Solution File, Format Version 12.00
# Visual Studio 14
VisualStudioVersion = 14.0.25420.1
MinimumVisualStudioVersion = 10.0.40219.1
Project("{8BC9CEB8-8B4A-11D0-8D11-00A0C91BC942}") = "1033. To Fill or Not to Fill", "1033. To Fill or Not to Fill\1033. To Fill or Not to Fill.vcxproj", "{B3C98F30-0490-4C3B-A13D-FD393DF91562}"
EndProject
Project("{8BC9CEB8-8B4A-11D0-8D11-00A0C91BC942}") = "1034. Head of a Gang", "1034. Head of a Gang\1034. Head of a Gang.vcxproj", "{0894316B-0439-44FB-8024-6F82DE3C69D9}"
EndProject
Project("{8BC9CEB8-8B4A-11D0-8D11-00A0C91BC942}") = "1026. Table Tennis", "1026. Table Tennis\1026. Table Tennis.vcxproj", "{BE0ECDAE-004F-4FB3-A858-243DF0678FEF}"
EndProject
Project("{8BC9CEB8-8B4A-11D0-8D11-00A0C91BC942}") = "1021. Deepest Root", "1021. Deepest Root\1021. Deepest Root.vcxproj", "{ED0F59B9-A500-497B-AA07-8431765AAFCD}"
EndProject
Project("{8BC9CEB8-8B4A-11D0-8D11-00A0C91BC942}") = "1018. Public Bike Management", "1018. Public Bike Management\1018. Public Bike Management.vcxproj", "{E4158E36-DDC0-4DE4-9F43-24EA5E47EC56}"
EndProject
Project("{8BC9CEB8-8B4A-11D0-8D11-00A0C91BC942}") = "1035. Password", "1035. Password\1035. Password.vcxproj", "{8386D1EA-9458-403B-A50A-0300320A312D}"
EndProject
Project("{8BC9CEB8-8B4A-11D0-8D11-00A0C91BC942}") = "1036. Boys vs Girls", "1036. Boys vs Girls\1036. Boys vs Girls.vcxproj", "{E5127455-73CF-401A-8EE2-A82DA1850DEF}"
EndProject
Project("{8BC9CEB8-8B4A-11D0-8D11-00A0C91BC942}") = "1037. Magic Coupon", "1037. Magic Coupon\1037. Magic Coupon.vcxproj", "{6E6E136F-A796-45E7-807C-BAEAB0AF167F}"
EndProject
Project("{8BC9CEB8-8B4A-11D0-8D11-00A0C91BC942}") = "1038. Recover the Smallest Number", "1038. Recover the Smallest Number\1038. Recover the Smallest Number.vcxproj", "{640D0A19-DFDD-4366-8D84-0F10A51F48BF}"
EndProject
Project("{8BC9CEB8-8B4A-11D0-8D11-00A0C91BC942}") = "1039. Course List for Student", "1039. Course List for Student\1039. Course List for Student.vcxproj", "{9942C978-8979-4A31-8EB3-C3FB00DD71BE}"
EndProject
Project("{8BC9CEB8-8B4A-11D0-8D11-00A0C91BC942}") = "1040. Longest Symmetric String", "1040. Longest Symmetric String\1040. Longest Symmetric String.vcxproj", "{022E06B6-FB1F-476F-8BB1-F2B05B6660B7}"
EndProject
Project("{8BC9CEB8-8B4A-11D0-8D11-00A0C91BC942}") = "1041. Be Unique", "1041. Be Unique\1041. Be Unique.vcxproj", "{1ED2127C-12C8-440C-A58A-0BBFC4F35830}"
EndProject
Project("{8BC9CEB8-8B4A-11D0-8D11-00A0C91BC942}") = "1042. Shuffling Machine", "1042. Shuffling Machine\1042. Shuffling Machine.vcxproj", "{3CB82C94-E31A-42BE-81AA-02A34D9190F0}"
EndProject
Project("{8BC9CEB8-8B4A-11D0-8D11-00A0C91BC942}") = "1043. Is It a Binary Search Tree", "1043. Is It a Binary Search Tree\1043. Is It a Binary Search Tree.vcxproj", "{FEE4AD98-56DA-4503-B807-75FDD7C56FC6}"
EndProject
Project("{8BC9CEB8-8B4A-11D0-8D11-00A0C91BC942}") = "1044. Shopping in Mars", "1044. Shopping in Mars\1044. Shopping in Mars.vcxproj", "{4C10FCB1-8C94-40F0-AF5D-F6586A1BA3C9}"
EndProject
Project("{8BC9CEB8-8B4A-11D0-8D11-00A0C91BC942}") = "1045. Favorite Color Stripe", "1045. Favorite Color Stripe\1045. Favorite Color Stripe.vcxproj", "{9251CD65-9443-439C-9A38-47393BD927B9}"
EndProject
Project("{8BC9CEB8-8B4A-11D0-8D11-00A0C91BC942}") = "1046. Shortest Distance", "1046. Shortest Distance\1046. Shortest Distance.vcxproj", "{2191E073-B106-41FD-8D84-F03C2604DB3B}"
EndProject
Project("{8BC9CEB8-8B4A-11D0-8D11-00A0C91BC942}") = "1047. Student List for Course", "1047. Student List for Course\1047. Student List for Course.vcxproj", "{D88F1DA0-F9AA-4F05-88F0-DFC48684DE85}"
EndProject
Project("{8BC9CEB8-8B4A-11D0-8D11-00A0C91BC942}") = "1048. Find Coins", "1048. Find Coins\1048. Find Coins.vcxproj", "{22AAB79D-F4C8-45DE-B669-F6F6E2EB574E}"
EndProject
Project("{8BC9CEB8-8B4A-11D0-8D11-00A0C91BC942}") = "1049. Counting Ones", "1049. Counting Ones\1049. Counting Ones.vcxproj", "{52906975-1CA8-4FCA-8B5A-C05FED9179AE}"
EndProject
Project("{8BC9CEB8-8B4A-11D0-8D11-00A0C91BC942}") = "1050. String Subtraction", "1050. String Subtraction\1050. String Subtraction.vcxproj", "{520CB79D-840A-427D-86A7-33ED5EC03401}"
EndProject
Project("{8BC9CEB8-8B4A-11D0-8D11-00A0C91BC942}") = "1051. Pop Sequence", "1051. Pop Sequence\1051. Pop Sequence.vcxproj", "{69470C55-2F69-4E34-B7D2-A2A3CB5A01C6}"
EndProject
Project("{8BC9CEB8-8B4A-11D0-8D11-00A0C91BC942}") = "1053. Path of Equal Weight", "1053. Path of Equal Weight\1053. Path of Equal Weight.vcxproj", "{12BF8E19-767B-4DD9-8D08-48B8AEC70420}"
EndProject
Project("{8BC9CEB8-8B4A-11D0-8D11-00A0C91BC942}") = "1054. The Dominant Color", "1054. The Dominant Color\1054. The Dominant Color.vcxproj", "{72477D59-9018-442A-8A47-B534F13C10A6}"
EndProject
Project("{8BC9CEB8-8B4A-11D0-8D11-00A0C91BC942}") = "1055. The World's Richest", "1055. The World's Richest\1055. The World's Richest.vcxproj", "{DFE62E5E-D19E-41FE-B9CB-23C89CE9AF2B}"
EndProject
Project("{8BC9CEB8-8B4A-11D0-8D11-00A0C91BC942}") = "1022. Digital Library", "1022. Digital Library\1022. Digital Library.vcxproj", "{73DDC752-7FAA-4FE6-80B5-774400D150C0}"
EndProject
Project("{8BC9CEB8-8B4A-11D0-8D11-00A0C91BC942}") = "1056. Mice and Rice", "1056. Mice and Rice\1056. Mice and Rice.vcxproj", "{7124DDCC-366F-42FE-AC41-71BF41077628}"
EndProject
Project("{8BC9CEB8-8B4A-11D0-8D11-00A0C91BC942}") = "1057. Stack", "1057. Stack\1057. Stack.vcxproj", "{F204638A-3740-476B-BDB5-8B441EBB8051}"
EndProject
Project("{8BC9CEB8-8B4A-11D0-8D11-00A0C91BC942}") = "1058. A+B in Hogwarts", "1058. A+B in Hogwarts\1058. A+B in Hogwarts.vcxproj", "{9ED53EBE-5BA9-4753-9ED3-4C99768AF7D7}"
EndProject
Project("{8BC9CEB8-8B4A-11D0-8D11-00A0C91BC942}") = "1059. Prime Factors", "1059. Prime Factors\1059. Prime Factors.vcxproj", "{EC71AAEE-BE1E-4316-8F2A-DE2682203AF4}"
EndProject
Project("{8BC9CEB8-8B4A-11D0-8D11-00A0C91BC942}") = "1060. Are They Equal", "1060. Are They Equal\1060. Are They Equal.vcxproj", "{D0481EFA-B203-44DC-9268-1FD357E05C29}"
EndProject
Project("{8BC9CEB8-8B4A-11D0-8D11-00A0C91BC942}") = "1061. Dating", "1061. Dating\1061. Dating.vcxproj", "{82EDCD11-9634-4746-818E-C5EFF847181A}"
EndProject
Project("{8BC9CEB8-8B4A-11D0-8D11-00A0C91BC942}") = "1062. Talent and Virtue", "1062. Talent and Virtue\1062. Talent and Virtue.vcxproj", "{2CA3B235-7321-4EDD-8CEE-5713D15446B5}"
EndProject
Global
	GlobalSection(SolutionConfigurationPlatforms) = preSolution
		Debug|x64 = Debug|x64
		Debug|x86 = Debug|x86
		Release|x64 = Release|x64
		Release|x86 = Release|x86
	EndGlobalSection
	GlobalSection(ProjectConfigurationPlatforms) = postSolution
		{B3C98F30-0490-4C3B-A13D-FD393DF91562}.Debug|x64.ActiveCfg = Debug|x64
		{B3C98F30-0490-4C3B-A13D-FD393DF91562}.Debug|x64.Build.0 = Debug|x64
		{B3C98F30-0490-4C3B-A13D-FD393DF91562}.Debug|x86.ActiveCfg = Debug|Win32
		{B3C98F30-0490-4C3B-A13D-FD393DF91562}.Debug|x86.Build.0 = Debug|Win32
		{B3C98F30-0490-4C3B-A13D-FD393DF91562}.Release|x64.ActiveCfg = Release|x64
		{B3C98F30-0490-4C3B-A13D-FD393DF91562}.Release|x64.Build.0 = Release|x64
		{B3C98F30-0490-4C3B-A13D-FD393DF91562}.Release|x86.ActiveCfg = Release|Win32
		{B3C98F30-0490-4C3B-A13D-FD393DF91562}.Release|x86.Build.0 = Release|Win32
		{0894316B-0439-44FB-8024-6F82DE3C69D9}.Debug|x64.ActiveCfg = Debug|x64
		{0894316B-0439-44FB-8024-6F82DE3C69D9}.Debug|x64.Build.0 = Debug|x64
		{0894316B-0439-44FB-8024-6F82DE3C69D9}.Debug|x86.ActiveCfg = Debug|Win32
		{0894316B-0439-44FB-8024-6F82DE3C69D9}.Debug|x86.Build.0 = Debug|Win32
		{0894316B-0439-44FB-8024-6F82DE3C69D9}.Release|x64.ActiveCfg = Release|x64
		{0894316B-0439-44FB-8024-6F82DE3C69D9}.Release|x64.Build.0 = Release|x64
		{0894316B-0439-44FB-8024-6F82DE3C69D9}.Release|x86.ActiveCfg = Release|Win32
		{0894316B-0439-44FB-8024-6F82DE3C69D9}.Release|x86.Build.0 = Release|Win32
		{BE0ECDAE-004F-4FB3-A858-243DF0678FEF}.Debug|x64.ActiveCfg = Debug|x64
		{BE0ECDAE-004F-4FB3-A858-243DF0678FEF}.Debug|x64.Build.0 = Debug|x64
		{BE0ECDAE-004F-4FB3-A858-243DF0678FEF}.Debug|x86.ActiveCfg = Debug|Win32
		{BE0ECDAE-004F-4FB3-A858-243DF0678FEF}.Debug|x86.Build.0 = Debug|Win32
		{BE0ECDAE-004F-4FB3-A858-243DF0678FEF}.Release|x64.ActiveCfg = Release|x64
		{BE0ECDAE-004F-4FB3-A858-243DF0678FEF}.Release|x64.Build.0 = Release|x64
		{BE0ECDAE-004F-4FB3-A858-243DF0678FEF}.Release|x86.ActiveCfg = Release|Win32
		{BE0ECDAE-004F-4FB3-A858-243DF0678FEF}.Release|x86.Build.0 = Release|Win32
		{ED0F59B9-A500-497B-AA07-8431765AAFCD}.Debug|x64.ActiveCfg = Debug|x64
		{ED0F59B9-A500-497B-AA07-8431765AAFCD}.Debug|x64.Build.0 = Debug|x64
		{ED0F59B9-A500-497B-AA07-8431765AAFCD}.Debug|x86.ActiveCfg = Debug|Win32
		{ED0F59B9-A500-497B-AA07-8431765AAFCD}.Debug|x86.Build.0 = Debug|Win32
		{ED0F59B9-A500-497B-AA07-8431765AAFCD}.Release|x64.ActiveCfg = Release|x64
		{ED0F59B9-A500-497B-AA07-8431765AAFCD}.Release|x64.Build.0 = Release|x64
		{ED0F59B9-A500-497B-AA07-8431765AAFCD}.Release|x86.ActiveCfg = Release|Win32
		{ED0F59B9-A500-497B-AA07-8431765AAFCD}.Release|x86.Build.0 = Release|Win32
		{E4158E36-DDC0-4DE4-9F43-24EA5E47EC56}.Debug|x64.ActiveCfg = Debug|x64
		{E4158E36-DDC0-4DE4-9F43-24EA5E47EC56}.Debug|x64.Build.0 = Debug|x64
		{E4158E36-DDC0-4DE4-9F43-24EA5E47EC56}.Debug|x86.ActiveCfg = Debug|Win32
		{E4158E36-DDC0-4DE4-9F43-24EA5E47EC56}.Debug|x86.Build.0 = Debug|Win32
		{E4158E36-DDC0-4DE4-9F43-24EA5E47EC56}.Release|x64.ActiveCfg = Release|x64
		{E4158E36-DDC0-4DE4-9F43-24EA5E47EC56}.Release|x64.Build.0 = Release|x64
		{E4158E36-DDC0-4DE4-9F43-24EA5E47EC56}.Release|x86.ActiveCfg = Release|Win32
		{E4158E36-DDC0-4DE4-9F43-24EA5E47EC56}.Release|x86.Build.0 = Release|Win32
		{8386D1EA-9458-403B-A50A-0300320A312D}.Debug|x64.ActiveCfg = Debug|x64
		{8386D1EA-9458-403B-A50A-0300320A312D}.Debug|x64.Build.0 = Debug|x64
		{8386D1EA-9458-403B-A50A-0300320A312D}.Debug|x86.ActiveCfg = Debug|Win32
		{8386D1EA-9458-403B-A50A-0300320A312D}.Debug|x86.Build.0 = Debug|Win32
		{8386D1EA-9458-403B-A50A-0300320A312D}.Release|x64.ActiveCfg = Release|x64
		{8386D1EA-9458-403B-A50A-0300320A312D}.Release|x64.Build.0 = Release|x64
		{8386D1EA-9458-403B-A50A-0300320A312D}.Release|x86.ActiveCfg = Release|Win32
		{8386D1EA-9458-403B-A50A-0300320A312D}.Release|x86.Build.0 = Release|Win32
		{E5127455-73CF-401A-8EE2-A82DA1850DEF}.Debug|x64.ActiveCfg = Debug|x64
		{E5127455-73CF-401A-8EE2-A82DA1850DEF}.Debug|x64.Build.0 = Debug|x64
		{E5127455-73CF-401A-8EE2-A82DA1850DEF}.Debug|x86.ActiveCfg = Debug|Win32
		{E5127455-73CF-401A-8EE2-A82DA1850DEF}.Debug|x86.Build.0 = Debug|Win32
		{E5127455-73CF-401A-8EE2-A82DA1850DEF}.Release|x64.ActiveCfg = Release|x64
		{E5127455-73CF-401A-8EE2-A82DA1850DEF}.Release|x64.Build.0 = Release|x64
		{E5127455-73CF-401A-8EE2-A82DA1850DEF}.Release|x86.ActiveCfg = Release|Win32
		{E5127455-73CF-401A-8EE2-A82DA1850DEF}.Release|x86.Build.0 = Release|Win32
		{6E6E136F-A796-45E7-807C-BAEAB0AF167F}.Debug|x64.ActiveCfg = Debug|x64
		{6E6E136F-A796-45E7-807C-BAEAB0AF167F}.Debug|x64.Build.0 = Debug|x64
		{6E6E136F-A796-45E7-807C-BAEAB0AF167F}.Debug|x86.ActiveCfg = Debug|Win32
		{6E6E136F-A796-45E7-807C-BAEAB0AF167F}.Debug|x86.Build.0 = Debug|Win32
		{6E6E136F-A796-45E7-807C-BAEAB0AF167F}.Release|x64.ActiveCfg = Release|x64
		{6E6E136F-A796-45E7-807C-BAEAB0AF167F}.Release|x64.Build.0 = Release|x64
		{6E6E136F-A796-45E7-807C-BAEAB0AF167F}.Release|x86.ActiveCfg = Release|Win32
		{6E6E136F-A796-45E7-807C-BAEAB0AF167F}.Release|x86.Build.0 = Release|Win32
		{640D0A19-DFDD-4366-8D84-0F10A51F48BF}.Debug|x64.ActiveCfg = Debug|x64
		{640D0A19-DFDD-4366-8D84-0F10A51F48BF}.Debug|x64.Build.0 = Debug|x64
		{640D0A19-DFDD-4366-8D84-0F10A51F48BF}.Debug|x86.ActiveCfg = Debug|Win32
		{640D0A19-DFDD-4366-8D84-0F10A51F48BF}.Debug|x86.Build.0 = Debug|Win32
		{640D0A19-DFDD-4366-8D84-0F10A51F48BF}.Release|x64.ActiveCfg = Release|x64
		{640D0A19-DFDD-4366-8D84-0F10A51F48BF}.Release|x64.Build.0 = Release|x64
		{640D0A19-DFDD-4366-8D84-0F10A51F48BF}.Release|x86.ActiveCfg = Release|Win32
		{640D0A19-DFDD-4366-8D84-0F10A51F48BF}.Release|x86.Build.0 = Release|Win32
		{9942C978-8979-4A31-8EB3-C3FB00DD71BE}.Debug|x64.ActiveCfg = Debug|x64
		{9942C978-8979-4A31-8EB3-C3FB00DD71BE}.Debug|x64.Build.0 = Debug|x64
		{9942C978-8979-4A31-8EB3-C3FB00DD71BE}.Debug|x86.ActiveCfg = Debug|Win32
		{9942C978-8979-4A31-8EB3-C3FB00DD71BE}.Debug|x86.Build.0 = Debug|Win32
		{9942C978-8979-4A31-8EB3-C3FB00DD71BE}.Release|x64.ActiveCfg = Release|x64
		{9942C978-8979-4A31-8EB3-C3FB00DD71BE}.Release|x64.Build.0 = Release|x64
		{9942C978-8979-4A31-8EB3-C3FB00DD71BE}.Release|x86.ActiveCfg = Release|Win32
		{9942C978-8979-4A31-8EB3-C3FB00DD71BE}.Release|x86.Build.0 = Release|Win32
		{022E06B6-FB1F-476F-8BB1-F2B05B6660B7}.Debug|x64.ActiveCfg = Debug|x64
		{022E06B6-FB1F-476F-8BB1-F2B05B6660B7}.Debug|x64.Build.0 = Debug|x64
		{022E06B6-FB1F-476F-8BB1-F2B05B6660B7}.Debug|x86.ActiveCfg = Debug|Win32
		{022E06B6-FB1F-476F-8BB1-F2B05B6660B7}.Debug|x86.Build.0 = Debug|Win32
		{022E06B6-FB1F-476F-8BB1-F2B05B6660B7}.Release|x64.ActiveCfg = Release|x64
		{022E06B6-FB1F-476F-8BB1-F2B05B6660B7}.Release|x64.Build.0 = Release|x64
		{022E06B6-FB1F-476F-8BB1-F2B05B6660B7}.Release|x86.ActiveCfg = Release|Win32
		{022E06B6-FB1F-476F-8BB1-F2B05B6660B7}.Release|x86.Build.0 = Release|Win32
		{1ED2127C-12C8-440C-A58A-0BBFC4F35830}.Debug|x64.ActiveCfg = Debug|x64
		{1ED2127C-12C8-440C-A58A-0BBFC4F35830}.Debug|x64.Build.0 = Debug|x64
		{1ED2127C-12C8-440C-A58A-0BBFC4F35830}.Debug|x86.ActiveCfg = Debug|Win32
		{1ED2127C-12C8-440C-A58A-0BBFC4F35830}.Debug|x86.Build.0 = Debug|Win32
		{1ED2127C-12C8-440C-A58A-0BBFC4F35830}.Release|x64.ActiveCfg = Release|x64
		{1ED2127C-12C8-440C-A58A-0BBFC4F35830}.Release|x64.Build.0 = Release|x64
		{1ED2127C-12C8-440C-A58A-0BBFC4F35830}.Release|x86.ActiveCfg = Release|Win32
		{1ED2127C-12C8-440C-A58A-0BBFC4F35830}.Release|x86.Build.0 = Release|Win32
		{3CB82C94-E31A-42BE-81AA-02A34D9190F0}.Debug|x64.ActiveCfg = Debug|x64
		{3CB82C94-E31A-42BE-81AA-02A34D9190F0}.Debug|x64.Build.0 = Debug|x64
		{3CB82C94-E31A-42BE-81AA-02A34D9190F0}.Debug|x86.ActiveCfg = Debug|Win32
		{3CB82C94-E31A-42BE-81AA-02A34D9190F0}.Debug|x86.Build.0 = Debug|Win32
		{3CB82C94-E31A-42BE-81AA-02A34D9190F0}.Release|x64.ActiveCfg = Release|x64
		{3CB82C94-E31A-42BE-81AA-02A34D9190F0}.Release|x64.Build.0 = Release|x64
		{3CB82C94-E31A-42BE-81AA-02A34D9190F0}.Release|x86.ActiveCfg = Release|Win32
		{3CB82C94-E31A-42BE-81AA-02A34D9190F0}.Release|x86.Build.0 = Release|Win32
		{FEE4AD98-56DA-4503-B807-75FDD7C56FC6}.Debug|x64.ActiveCfg = Debug|x64
		{FEE4AD98-56DA-4503-B807-75FDD7C56FC6}.Debug|x64.Build.0 = Debug|x64
		{FEE4AD98-56DA-4503-B807-75FDD7C56FC6}.Debug|x86.ActiveCfg = Debug|Win32
		{FEE4AD98-56DA-4503-B807-75FDD7C56FC6}.Debug|x86.Build.0 = Debug|Win32
		{FEE4AD98-56DA-4503-B807-75FDD7C56FC6}.Release|x64.ActiveCfg = Release|x64
		{FEE4AD98-56DA-4503-B807-75FDD7C56FC6}.Release|x64.Build.0 = Release|x64
		{FEE4AD98-56DA-4503-B807-75FDD7C56FC6}.Release|x86.ActiveCfg = Release|Win32
		{FEE4AD98-56DA-4503-B807-75FDD7C56FC6}.Release|x86.Build.0 = Release|Win32
		{4C10FCB1-8C94-40F0-AF5D-F6586A1BA3C9}.Debug|x64.ActiveCfg = Debug|x64
		{4C10FCB1-8C94-40F0-AF5D-F6586A1BA3C9}.Debug|x64.Build.0 = Debug|x64
		{4C10FCB1-8C94-40F0-AF5D-F6586A1BA3C9}.Debug|x86.ActiveCfg = Debug|Win32
		{4C10FCB1-8C94-40F0-AF5D-F6586A1BA3C9}.Debug|x86.Build.0 = Debug|Win32
		{4C10FCB1-8C94-40F0-AF5D-F6586A1BA3C9}.Release|x64.ActiveCfg = Release|x64
		{4C10FCB1-8C94-40F0-AF5D-F6586A1BA3C9}.Release|x64.Build.0 = Release|x64
		{4C10FCB1-8C94-40F0-AF5D-F6586A1BA3C9}.Release|x86.ActiveCfg = Release|Win32
		{4C10FCB1-8C94-40F0-AF5D-F6586A1BA3C9}.Release|x86.Build.0 = Release|Win32
		{9251CD65-9443-439C-9A38-47393BD927B9}.Debug|x64.ActiveCfg = Debug|x64
		{9251CD65-9443-439C-9A38-47393BD927B9}.Debug|x64.Build.0 = Debug|x64
		{9251CD65-9443-439C-9A38-47393BD927B9}.Debug|x86.ActiveCfg = Debug|Win32
		{9251CD65-9443-439C-9A38-47393BD927B9}.Debug|x86.Build.0 = Debug|Win32
		{9251CD65-9443-439C-9A38-47393BD927B9}.Release|x64.ActiveCfg = Release|x64
		{9251CD65-9443-439C-9A38-47393BD927B9}.Release|x64.Build.0 = Release|x64
		{9251CD65-9443-439C-9A38-47393BD927B9}.Release|x86.ActiveCfg = Release|Win32
		{9251CD65-9443-439C-9A38-47393BD927B9}.Release|x86.Build.0 = Release|Win32
		{2191E073-B106-41FD-8D84-F03C2604DB3B}.Debug|x64.ActiveCfg = Debug|x64
		{2191E073-B106-41FD-8D84-F03C2604DB3B}.Debug|x64.Build.0 = Debug|x64
		{2191E073-B106-41FD-8D84-F03C2604DB3B}.Debug|x86.ActiveCfg = Debug|Win32
		{2191E073-B106-41FD-8D84-F03C2604DB3B}.Debug|x86.Build.0 = Debug|Win32
		{2191E073-B106-41FD-8D84-F03C2604DB3B}.Release|x64.ActiveCfg = Release|x64
		{2191E073-B106-41FD-8D84-F03C2604DB3B}.Release|x64.Build.0 = Release|x64
		{2191E073-B106-41FD-8D84-F03C2604DB3B}.Release|x86.ActiveCfg = Release|Win32
		{2191E073-B106-41FD-8D84-F03C2604DB3B}.Release|x86.Build.0 = Release|Win32
		{D88F1DA0-F9AA-4F05-88F0-DFC48684DE85}.Debug|x64.ActiveCfg = Debug|x64
		{D88F1DA0-F9AA-4F05-88F0-DFC48684DE85}.Debug|x64.Build.0 = Debug|x64
		{D88F1DA0-F9AA-4F05-88F0-DFC48684DE85}.Debug|x86.ActiveCfg = Debug|Win32
		{D88F1DA0-F9AA-4F05-88F0-DFC48684DE85}.Debug|x86.Build.0 = Debug|Win32
		{D88F1DA0-F9AA-4F05-88F0-DFC48684DE85}.Release|x64.ActiveCfg = Release|x64
		{D88F1DA0-F9AA-4F05-88F0-DFC48684DE85}.Release|x64.Build.0 = Release|x64
		{D88F1DA0-F9AA-4F05-88F0-DFC48684DE85}.Release|x86.ActiveCfg = Release|Win32
		{D88F1DA0-F9AA-4F05-88F0-DFC48684DE85}.Release|x86.Build.0 = Release|Win32
		{22AAB79D-F4C8-45DE-B669-F6F6E2EB574E}.Debug|x64.ActiveCfg = Debug|x64
		{22AAB79D-F4C8-45DE-B669-F6F6E2EB574E}.Debug|x64.Build.0 = Debug|x64
		{22AAB79D-F4C8-45DE-B669-F6F6E2EB574E}.Debug|x86.ActiveCfg = Debug|Win32
		{22AAB79D-F4C8-45DE-B669-F6F6E2EB574E}.Debug|x86.Build.0 = Debug|Win32
		{22AAB79D-F4C8-45DE-B669-F6F6E2EB574E}.Release|x64.ActiveCfg = Release|x64
		{22AAB79D-F4C8-45DE-B669-F6F6E2EB574E}.Release|x64.Build.0 = Release|x64
		{22AAB79D-F4C8-45DE-B669-F6F6E2EB574E}.Release|x86.ActiveCfg = Release|Win32
		{22AAB79D-F4C8-45DE-B669-F6F6E2EB574E}.Release|x86.Build.0 = Release|Win32
		{52906975-1CA8-4FCA-8B5A-C05FED9179AE}.Debug|x64.ActiveCfg = Debug|x64
		{52906975-1CA8-4FCA-8B5A-C05FED9179AE}.Debug|x64.Build.0 = Debug|x64
		{52906975-1CA8-4FCA-8B5A-C05FED9179AE}.Debug|x86.ActiveCfg = Debug|Win32
		{52906975-1CA8-4FCA-8B5A-C05FED9179AE}.Debug|x86.Build.0 = Debug|Win32
		{52906975-1CA8-4FCA-8B5A-C05FED9179AE}.Release|x64.ActiveCfg = Release|x64
		{52906975-1CA8-4FCA-8B5A-C05FED9179AE}.Release|x64.Build.0 = Release|x64
		{52906975-1CA8-4FCA-8B5A-C05FED9179AE}.Release|x86.ActiveCfg = Release|Win32
		{52906975-1CA8-4FCA-8B5A-C05FED9179AE}.Release|x86.Build.0 = Release|Win32
		{520CB79D-840A-427D-86A7-33ED5EC03401}.Debug|x64.ActiveCfg = Debug|x64
		{520CB79D-840A-427D-86A7-33ED5EC03401}.Debug|x64.Build.0 = Debug|x64
		{520CB79D-840A-427D-86A7-33ED5EC03401}.Debug|x86.ActiveCfg = Debug|Win32
		{520CB79D-840A-427D-86A7-33ED5EC03401}.Debug|x86.Build.0 = Debug|Win32
		{520CB79D-840A-427D-86A7-33ED5EC03401}.Release|x64.ActiveCfg = Release|x64
		{520CB79D-840A-427D-86A7-33ED5EC03401}.Release|x64.Build.0 = Release|x64
		{520CB79D-840A-427D-86A7-33ED5EC03401}.Release|x86.ActiveCfg = Release|Win32
		{520CB79D-840A-427D-86A7-33ED5EC03401}.Release|x86.Build.0 = Release|Win32
		{69470C55-2F69-4E34-B7D2-A2A3CB5A01C6}.Debug|x64.ActiveCfg = Debug|x64
		{69470C55-2F69-4E34-B7D2-A2A3CB5A01C6}.Debug|x64.Build.0 = Debug|x64
		{69470C55-2F69-4E34-B7D2-A2A3CB5A01C6}.Debug|x86.ActiveCfg = Debug|Win32
		{69470C55-2F69-4E34-B7D2-A2A3CB5A01C6}.Debug|x86.Build.0 = Debug|Win32
		{69470C55-2F69-4E34-B7D2-A2A3CB5A01C6}.Release|x64.ActiveCfg = Release|x64
		{69470C55-2F69-4E34-B7D2-A2A3CB5A01C6}.Release|x64.Build.0 = Release|x64
		{69470C55-2F69-4E34-B7D2-A2A3CB5A01C6}.Release|x86.ActiveCfg = Release|Win32
		{69470C55-2F69-4E34-B7D2-A2A3CB5A01C6}.Release|x86.Build.0 = Release|Win32
		{12BF8E19-767B-4DD9-8D08-48B8AEC70420}.Debug|x64.ActiveCfg = Debug|x64
		{12BF8E19-767B-4DD9-8D08-48B8AEC70420}.Debug|x64.Build.0 = Debug|x64
		{12BF8E19-767B-4DD9-8D08-48B8AEC70420}.Debug|x86.ActiveCfg = Debug|Win32
		{12BF8E19-767B-4DD9-8D08-48B8AEC70420}.Debug|x86.Build.0 = Debug|Win32
		{12BF8E19-767B-4DD9-8D08-48B8AEC70420}.Release|x64.ActiveCfg = Release|x64
		{12BF8E19-767B-4DD9-8D08-48B8AEC70420}.Release|x64.Build.0 = Release|x64
		{12BF8E19-767B-4DD9-8D08-48B8AEC70420}.Release|x86.ActiveCfg = Release|Win32
		{12BF8E19-767B-4DD9-8D08-48B8AEC70420}.Release|x86.Build.0 = Release|Win32
		{72477D59-9018-442A-8A47-B534F13C10A6}.Debug|x64.ActiveCfg = Debug|x64
		{72477D59-9018-442A-8A47-B534F13C10A6}.Debug|x64.Build.0 = Debug|x64
		{72477D59-9018-442A-8A47-B534F13C10A6}.Debug|x86.ActiveCfg = Debug|Win32
		{72477D59-9018-442A-8A47-B534F13C10A6}.Debug|x86.Build.0 = Debug|Win32
		{72477D59-9018-442A-8A47-B534F13C10A6}.Release|x64.ActiveCfg = Release|x64
		{72477D59-9018-442A-8A47-B534F13C10A6}.Release|x64.Build.0 = Release|x64
		{72477D59-9018-442A-8A47-B534F13C10A6}.Release|x86.ActiveCfg = Release|Win32
		{72477D59-9018-442A-8A47-B534F13C10A6}.Release|x86.Build.0 = Release|Win32
		{DFE62E5E-D19E-41FE-B9CB-23C89CE9AF2B}.Debug|x64.ActiveCfg = Debug|x64
		{DFE62E5E-D19E-41FE-B9CB-23C89CE9AF2B}.Debug|x64.Build.0 = Debug|x64
		{DFE62E5E-D19E-41FE-B9CB-23C89CE9AF2B}.Debug|x86.ActiveCfg = Debug|Win32
		{DFE62E5E-D19E-41FE-B9CB-23C89CE9AF2B}.Debug|x86.Build.0 = Debug|Win32
		{DFE62E5E-D19E-41FE-B9CB-23C89CE9AF2B}.Release|x64.ActiveCfg = Release|x64
		{DFE62E5E-D19E-41FE-B9CB-23C89CE9AF2B}.Release|x64.Build.0 = Release|x64
		{DFE62E5E-D19E-41FE-B9CB-23C89CE9AF2B}.Release|x86.ActiveCfg = Release|Win32
		{DFE62E5E-D19E-41FE-B9CB-23C89CE9AF2B}.Release|x86.Build.0 = Release|Win32
		{73DDC752-7FAA-4FE6-80B5-774400D150C0}.Debug|x64.ActiveCfg = Debug|x64
		{73DDC752-7FAA-4FE6-80B5-774400D150C0}.Debug|x64.Build.0 = Debug|x64
		{73DDC752-7FAA-4FE6-80B5-774400D150C0}.Debug|x86.ActiveCfg = Debug|Win32
		{73DDC752-7FAA-4FE6-80B5-774400D150C0}.Debug|x86.Build.0 = Debug|Win32
		{73DDC752-7FAA-4FE6-80B5-774400D150C0}.Release|x64.ActiveCfg = Release|x64
		{73DDC752-7FAA-4FE6-80B5-774400D150C0}.Release|x64.Build.0 = Release|x64
		{73DDC752-7FAA-4FE6-80B5-774400D150C0}.Release|x86.ActiveCfg = Release|Win32
		{73DDC752-7FAA-4FE6-80B5-774400D150C0}.Release|x86.Build.0 = Release|Win32
		{7124DDCC-366F-42FE-AC41-71BF41077628}.Debug|x64.ActiveCfg = Debug|x64
		{7124DDCC-366F-42FE-AC41-71BF41077628}.Debug|x64.Build.0 = Debug|x64
		{7124DDCC-366F-42FE-AC41-71BF41077628}.Debug|x86.ActiveCfg = Debug|Win32
		{7124DDCC-366F-42FE-AC41-71BF41077628}.Debug|x86.Build.0 = Debug|Win32
		{7124DDCC-366F-42FE-AC41-71BF41077628}.Release|x64.ActiveCfg = Release|x64
		{7124DDCC-366F-42FE-AC41-71BF41077628}.Release|x64.Build.0 = Release|x64
		{7124DDCC-366F-42FE-AC41-71BF41077628}.Release|x86.ActiveCfg = Release|Win32
		{7124DDCC-366F-42FE-AC41-71BF41077628}.Release|x86.Build.0 = Release|Win32
		{F204638A-3740-476B-BDB5-8B441EBB8051}.Debug|x64.ActiveCfg = Debug|x64
		{F204638A-3740-476B-BDB5-8B441EBB8051}.Debug|x64.Build.0 = Debug|x64
		{F204638A-3740-476B-BDB5-8B441EBB8051}.Debug|x86.ActiveCfg = Debug|Win32
		{F204638A-3740-476B-BDB5-8B441EBB8051}.Debug|x86.Build.0 = Debug|Win32
		{F204638A-3740-476B-BDB5-8B441EBB8051}.Release|x64.ActiveCfg = Release|x64
		{F204638A-3740-476B-BDB5-8B441EBB8051}.Release|x64.Build.0 = Release|x64
		{F204638A-3740-476B-BDB5-8B441EBB8051}.Release|x86.ActiveCfg = Release|Win32
		{F204638A-3740-476B-BDB5-8B441EBB8051}.Release|x86.Build.0 = Release|Win32
		{9ED53EBE-5BA9-4753-9ED3-4C99768AF7D7}.Debug|x64.ActiveCfg = Debug|x64
		{9ED53EBE-5BA9-4753-9ED3-4C99768AF7D7}.Debug|x64.Build.0 = Debug|x64
		{9ED53EBE-5BA9-4753-9ED3-4C99768AF7D7}.Debug|x86.ActiveCfg = Debug|Win32
		{9ED53EBE-5BA9-4753-9ED3-4C99768AF7D7}.Debug|x86.Build.0 = Debug|Win32
		{9ED53EBE-5BA9-4753-9ED3-4C99768AF7D7}.Release|x64.ActiveCfg = Release|x64
		{9ED53EBE-5BA9-4753-9ED3-4C99768AF7D7}.Release|x64.Build.0 = Release|x64
		{9ED53EBE-5BA9-4753-9ED3-4C99768AF7D7}.Release|x86.ActiveCfg = Release|Win32
		{9ED53EBE-5BA9-4753-9ED3-4C99768AF7D7}.Release|x86.Build.0 = Release|Win32
		{EC71AAEE-BE1E-4316-8F2A-DE2682203AF4}.Debug|x64.ActiveCfg = Debug|x64
		{EC71AAEE-BE1E-4316-8F2A-DE2682203AF4}.Debug|x64.Build.0 = Debug|x64
		{EC71AAEE-BE1E-4316-8F2A-DE2682203AF4}.Debug|x86.ActiveCfg = Debug|Win32
		{EC71AAEE-BE1E-4316-8F2A-DE2682203AF4}.Debug|x86.Build.0 = Debug|Win32
		{EC71AAEE-BE1E-4316-8F2A-DE2682203AF4}.Release|x64.ActiveCfg = Release|x64
		{EC71AAEE-BE1E-4316-8F2A-DE2682203AF4}.Release|x64.Build.0 = Release|x64
		{EC71AAEE-BE1E-4316-8F2A-DE2682203AF4}.Release|x86.ActiveCfg = Release|Win32
		{EC71AAEE-BE1E-4316-8F2A-DE2682203AF4}.Release|x86.Build.0 = Release|Win32
		{D0481EFA-B203-44DC-9268-1FD357E05C29}.Debug|x64.ActiveCfg = Debug|x64
		{D0481EFA-B203-44DC-9268-1FD357E05C29}.Debug|x64.Build.0 = Debug|x64
		{D0481EFA-B203-44DC-9268-1FD357E05C29}.Debug|x86.ActiveCfg = Debug|Win32
		{D0481EFA-B203-44DC-9268-1FD357E05C29}.Debug|x86.Build.0 = Debug|Win32
		{D0481EFA-B203-44DC-9268-1FD357E05C29}.Release|x64.ActiveCfg = Release|x64
		{D0481EFA-B203-44DC-9268-1FD357E05C29}.Release|x64.Build.0 = Release|x64
		{D0481EFA-B203-44DC-9268-1FD357E05C29}.Release|x86.ActiveCfg = Release|Win32
		{D0481EFA-B203-44DC-9268-1FD357E05C29}.Release|x86.Build.0 = Release|Win32
		{82EDCD11-9634-4746-818E-C5EFF847181A}.Debug|x64.ActiveCfg = Debug|x64
		{82EDCD11-9634-4746-818E-C5EFF847181A}.Debug|x64.Build.0 = Debug|x64
		{82EDCD11-9634-4746-818E-C5EFF847181A}.Debug|x86.ActiveCfg = Debug|Win32
		{82EDCD11-9634-4746-818E-C5EFF847181A}.Debug|x86.Build.0 = Debug|Win32
		{82EDCD11-9634-4746-818E-C5EFF847181A}.Release|x64.ActiveCfg = Release|x64
		{82EDCD11-9634-4746-818E-C5EFF847181A}.Release|x64.Build.0 = Release|x64
		{82EDCD11-9634-4746-818E-C5EFF847181A}.Release|x86.ActiveCfg = Release|Win32
		{82EDCD11-9634-4746-818E-C5EFF847181A}.Release|x86.Build.0 = Release|Win32
		{2CA3B235-7321-4EDD-8CEE-5713D15446B5}.Debug|x64.ActiveCfg = Debug|x64
		{2CA3B235-7321-4EDD-8CEE-5713D15446B5}.Debug|x64.Build.0 = Debug|x64
		{2CA3B235-7321-4EDD-8CEE-5713D15446B5}.Debug|x86.ActiveCfg = Debug|Win32
		{2CA3B235-7321-4EDD-8CEE-5713D15446B5}.Debug|x86.Build.0 = Debug|Win32
		{2CA3B235-7321-4EDD-8CEE-5713D15446B5}.Release|x64.ActiveCfg = Release|x64
		{2CA3B235-7321-4EDD-8CEE-5713D15446B5}.Release|x64.Build.0 = Release|x64
		{2CA3B235-7321-4EDD-8CEE-5713D15446B5}.Release|x86.ActiveCfg = Release|Win32
		{2CA3B235-7321-4EDD-8CEE-5713D15446B5}.Release|x86.Build.0 = Release|Win32
	EndGlobalSection
	GlobalSection(SolutionProperties) = preSolution
		HideSolutionNode = FALSE
	EndGlobalSection
EndGlobal
